
Microsoft Visual Studio Solution File, Format Version 12.00
# Visual Studio 15
VisualStudioVersion = 15.0.27703.2047
MinimumVisualStudioVersion = 10.0.40219.1
Project("{9A19103F-16F7-4668-BE54-9A1E7A4F7556}") = "TankBuddy", "TankBuddy\TankBuddy.csproj", "{756C9AA6-1E9A-40D8-B75D-4FAEE374E596}"
EndProject
Project("{FAE04EC0-301F-11D3-BF4B-00C04F79EFBC}") = "TankBuddyTest", "TankBuddyTest\TankBuddyTest.csproj", "{8E938751-1D7A-4FCE-8020-1A84C4549963}"
EndProject
Global
	GlobalSection(SolutionConfigurationPlatforms) = preSolution
		Debug|Any CPU = Debug|Any CPU
		Release|Any CPU = Release|Any CPU
	EndGlobalSection
	GlobalSection(ProjectConfigurationPlatforms) = postSolution
		{756C9AA6-1E9A-40D8-B75D-4FAEE374E596}.Debug|Any CPU.ActiveCfg = Debug|Any CPU
		{756C9AA6-1E9A-40D8-B75D-4FAEE374E596}.Debug|Any CPU.Build.0 = Debug|Any CPU
		{756C9AA6-1E9A-40D8-B75D-4FAEE374E596}.Release|Any CPU.ActiveCfg = Release|Any CPU
		{756C9AA6-1E9A-40D8-B75D-4FAEE374E596}.Release|Any CPU.Build.0 = Release|Any CPU
		{8E938751-1D7A-4FCE-8020-1A84C4549963}.Debug|Any CPU.ActiveCfg = Debug|Any CPU
		{8E938751-1D7A-4FCE-8020-1A84C4549963}.Debug|Any CPU.Build.0 = Debug|Any CPU
		{8E938751-1D7A-4FCE-8020-1A84C4549963}.Release|Any CPU.ActiveCfg = Release|Any CPU
		{8E938751-1D7A-4FCE-8020-1A84C4549963}.Release|Any CPU.Build.0 = Release|Any CPU
	EndGlobalSection
	GlobalSection(SolutionProperties) = preSolution
		HideSolutionNode = FALSE
	EndGlobalSection
	GlobalSection(ExtensibilityGlobals) = postSolution
		SolutionGuid = {923412E7-4ED6-4338-9771-5475130988BD}
	EndGlobalSection
EndGlobal
